
Microsoft Visual Studio Solution File, Format Version 12.00
# Visual Studio 14
VisualStudioVersion = 14.0.25420.1
MinimumVisualStudioVersion = 10.0.40219.1
Project("{FAE04EC0-301F-11D3-BF4B-00C04F79EFBC}") = "ScanMapper", "ScanMapper\ScanMapper.csproj", "{11EEAA93-F6DC-4347-A192-8CDEF3109DF0}"
EndProject
Project("{FAE04EC0-301F-11D3-BF4B-00C04F79EFBC}") = "ScanMapEditor", "ScanMapReader\ScanMapEditor.csproj", "{956AD4CD-B2F3-49AB-BDAF-345D45DEE175}"
EndProject
Global
	GlobalSection(SolutionConfigurationPlatforms) = preSolution
		Debug|Any CPU = Debug|Any CPU
		Release|Any CPU = Release|Any CPU
	EndGlobalSection
	GlobalSection(ProjectConfigurationPlatforms) = postSolution
		{11EEAA93-F6DC-4347-A192-8CDEF3109DF0}.Debug|Any CPU.ActiveCfg = Debug|Any CPU
		{11EEAA93-F6DC-4347-A192-8CDEF3109DF0}.Debug|Any CPU.Build.0 = Debug|Any CPU
		{11EEAA93-F6DC-4347-A192-8CDEF3109DF0}.Release|Any CPU.ActiveCfg = Release|Any CPU
		{11EEAA93-F6DC-4347-A192-8CDEF3109DF0}.Release|Any CPU.Build.0 = Release|Any CPU
		{956AD4CD-B2F3-49AB-BDAF-345D45DEE175}.Debug|Any CPU.ActiveCfg = Debug|Any CPU
		{956AD4CD-B2F3-49AB-BDAF-345D45DEE175}.Debug|Any CPU.Build.0 = Debug|Any CPU
		{956AD4CD-B2F3-49AB-BDAF-345D45DEE175}.Release|Any CPU.ActiveCfg = Release|Any CPU
		{956AD4CD-B2F3-49AB-BDAF-345D45DEE175}.Release|Any CPU.Build.0 = Release|Any CPU
	EndGlobalSection
	GlobalSection(SolutionProperties) = preSolution
		HideSolutionNode = FALSE
	EndGlobalSection
EndGlobal
